
Microsoft Visual Studio Solution File, Format Version 12.00
# Visual Studio 14
VisualStudioVersion = 14.0.25420.1
MinimumVisualStudioVersion = 10.0.40219.1
Project("{FAE04EC0-301F-11D3-BF4B-00C04F79EFBC}") = "GTAV_OnlineRadio.AsiLibrary", "GTAV_OnlineRadio.AsiLibrary\GTAV_OnlineRadio.AsiLibrary.csproj", "{AB2F3624-AFB5-44FF-83D5-4FFAF54ABFEC}"
EndProject
Project("{FAE04EC0-301F-11D3-BF4B-00C04F79EFBC}") = "GTAV_OnlineRadio.Console", "GTAV_OnlineRadio.Console\GTAV_OnlineRadio.Console.csproj", "{BC7D7214-A5D1-4F2E-A86D-973E20351F0C}"
EndProject
Global
	GlobalSection(SolutionConfigurationPlatforms) = preSolution
		Debug|Any CPU = Debug|Any CPU
		Debug|x64 = Debug|x64
		Release|Any CPU = Release|Any CPU
		Release|x64 = Release|x64
	EndGlobalSection
	GlobalSection(ProjectConfigurationPlatforms) = postSolution
		{AB2F3624-AFB5-44FF-83D5-4FFAF54ABFEC}.Debug|Any CPU.ActiveCfg = Debug|Any CPU
		{AB2F3624-AFB5-44FF-83D5-4FFAF54ABFEC}.Debug|Any CPU.Build.0 = Debug|Any CPU
		{AB2F3624-AFB5-44FF-83D5-4FFAF54ABFEC}.Debug|x64.ActiveCfg = Debug|x64
		{AB2F3624-AFB5-44FF-83D5-4FFAF54ABFEC}.Debug|x64.Build.0 = Debug|x64
		{AB2F3624-AFB5-44FF-83D5-4FFAF54ABFEC}.Release|Any CPU.ActiveCfg = Release|Any CPU
		{AB2F3624-AFB5-44FF-83D5-4FFAF54ABFEC}.Release|Any CPU.Build.0 = Release|Any CPU
		{AB2F3624-AFB5-44FF-83D5-4FFAF54ABFEC}.Release|x64.ActiveCfg = Release|x64
		{AB2F3624-AFB5-44FF-83D5-4FFAF54ABFEC}.Release|x64.Build.0 = Release|x64
		{BC7D7214-A5D1-4F2E-A86D-973E20351F0C}.Debug|Any CPU.ActiveCfg = Debug|Any CPU
		{BC7D7214-A5D1-4F2E-A86D-973E20351F0C}.Debug|Any CPU.Build.0 = Debug|Any CPU
		{BC7D7214-A5D1-4F2E-A86D-973E20351F0C}.Debug|x64.ActiveCfg = Debug|x64
		{BC7D7214-A5D1-4F2E-A86D-973E20351F0C}.Debug|x64.Build.0 = Debug|x64
		{BC7D7214-A5D1-4F2E-A86D-973E20351F0C}.Release|Any CPU.ActiveCfg = Release|Any CPU
		{BC7D7214-A5D1-4F2E-A86D-973E20351F0C}.Release|Any CPU.Build.0 = Release|Any CPU
		{BC7D7214-A5D1-4F2E-A86D-973E20351F0C}.Release|x64.ActiveCfg = Release|x64
		{BC7D7214-A5D1-4F2E-A86D-973E20351F0C}.Release|x64.Build.0 = Release|x64
	EndGlobalSection
	GlobalSection(SolutionProperties) = preSolution
		HideSolutionNode = FALSE
	EndGlobalSection
EndGlobal
